
Microsoft Visual Studio Solution File, Format Version 12.00
# Visual Studio Version 17
VisualStudioVersion = 17.8.34330.188
MinimumVisualStudioVersion = 10.0.40219.1
Project("{FAE04EC0-301F-11D3-BF4B-00C04F79EFBC}") = "UniversalComputerInventory", "UniversalComputerInventory.csproj", "{7A0EACBB-6899-427E-9E24-735A779F5630}"
EndProject
Global
	GlobalSection(SolutionConfigurationPlatforms) = preSolution
		Debug|Any CPU = Debug|Any CPU
		Release|Any CPU = Release|Any CPU
	EndGlobalSection
	GlobalSection(ProjectConfigurationPlatforms) = postSolution
		{7A0EACBB-6899-427E-9E24-735A779F5630}.Debug|Any CPU.ActiveCfg = Debug|Any CPU
		{7A0EACBB-6899-427E-9E24-735A779F5630}.Debug|Any CPU.Build.0 = Debug|Any CPU
		{7A0EACBB-6899-427E-9E24-735A779F5630}.Debug|Any CPU.Deploy.0 = Debug|Any CPU
		{7A0EACBB-6899-427E-9E24-735A779F5630}.Release|Any CPU.ActiveCfg = Release|Any CPU
		{7A0EACBB-6899-427E-9E24-735A779F5630}.Release|Any CPU.Build.0 = Release|Any CPU
		{7A0EACBB-6899-427E-9E24-735A779F5630}.Release|Any CPU.Deploy.0 = Release|Any CPU
	EndGlobalSection
	GlobalSection(SolutionProperties) = preSolution
		HideSolutionNode = FALSE
	EndGlobalSection
	GlobalSection(ExtensibilityGlobals) = postSolution
		SolutionGuid = {ECFB2066-8FAB-4A9D-B06D-7D97CA2F871B}
	EndGlobalSection
EndGlobal
